{
  "meteor": {},
  "dependencies": {
    "basePackages": {
      "bootstrap-3": {},
      "autoform": {
        "git": "https://github.com/aldeed/meteor-autoform.git",
        "branch": "master"
      }
    },
    "packages": {
      "bootstrap-3": {
        "git": "https://github.com/mangasocial/meteor-bootstrap-3.git",
        "tag": "v0.2.8",
        "commit": "8026f0beaa0274849adfcf8c53d919216b5e06ba"
      },
      "autoform": {
        "git": "https://github.com/aldeed/meteor-autoform.git",
        "branch": "master",
        "commit": "170e5245580b6d9d6fe3d05fb1a470137ab93a44"
      },
      "collection2": {
        "git": "https://github.com/aldeed/meteor-collection2.git",
        "branch": "master",
        "commit": "039e363caebd973e591ba9b44031518fb9ac039a"
      },
      "simple-schema": {
        "git": "https://github.com/aldeed/meteor-simple-schema.git",
        "branch": "master",
        "commit": "24126eaff16c35076f73641b16e7a209328bce42"
      }
    }
  }
}
