{
  "meteor": {},
  "dependencies": {
    "basePackages": {
      "bootstrap-3": {},
      "collection2": {},
      "autoform": {}
    },
    "packages": {
      "bootstrap-3": {
        "git": "https://github.com/mangasocial/meteor-bootstrap-3.git",
        "tag": "v0.3.4",
        "commit": "680c056e849d079a1b669247f347da2b443aad91"
      },
      "collection2": {
        "git": "https://github.com/aldeed/meteor-collection2.git",
        "tag": "v0.1.7",
        "commit": "417694e7797ee99880171f9abaddd5d2d8677faf"
      },
      "autoform": {
        "git": "https://github.com/aldeed/meteor-autoform.git",
        "tag": "v0.2.2",
        "commit": "d1edeae2c8dab6516bf0ae2f03a5925b56a6b792"
      },
      "simple-schema": {
        "git": "https://github.com/aldeed/meteor-simple-schema.git",
        "tag": "v0.1.13",
        "commit": "c5ddce4016ebf02809e1fc6adbcfd526115ec666"
      }
    }
  }
}
